PODS:
  - CountryList (1.1)

DEPENDENCIES:
  - CountryList (from `https://github.com/mmdock/CountryList.git`, branch `master`)

EXTERNAL SOURCES:
  CountryList:
    :branch: master
    :git: https://github.com/mmdock/CountryList.git

CHECKOUT OPTIONS:
  CountryList:
    :commit: 704a5922563fd9d37affefdaa80abe3716e37ef5
    :git: https://github.com/mmdock/CountryList.git

SPEC CHECKSUMS:
  CountryList: 48226f29b64802af50f2caafc6aa87df54e0f88e

PODFILE CHECKSUM: ea6b61f6fe8d816a3368d0c5b669d51c07f8b086

COCOAPODS: 1.5.3
