PODS:
  - LocalizedCountryList (1.2)

DEPENDENCIES:
  - LocalizedCountryList (from `../`)

EXTERNAL SOURCES:
  LocalizedCountryList:
    :path: "../"

SPEC CHECKSUMS:
  LocalizedCountryList: 7fbbf5f3bbf64ccc9afd493cbb01c8168400f46f

PODFILE CHECKSUM: a20ff46cb1c1b7745698b089f25304f900631b45

COCOAPODS: 1.5.3
