PODS:
  - LocalizedCountryList (2.0.1)

DEPENDENCIES:
  - LocalizedCountryList (from `../`)

EXTERNAL SOURCES:
  LocalizedCountryList:
    :path: "../"

SPEC CHECKSUMS:
  LocalizedCountryList: a3f47d3be1f8d60610c842dff53d321c2bf4d4aa

PODFILE CHECKSUM: ad91f47a6d1a5a49fddd7e285dd107e954c713a6

COCOAPODS: 1.8.4
